{
  "version": 4,
  "terraform_version": "1.5.1",
  "serial": 263,
  "lineage": "cbf12f9c-8b1f-0a80-f9ae-c9c16fd38d4d",
  "outputs": {
    "cognito_client_id": {
      "value": "5t3ejll2p53e7d0j433dcf3qkn",
      "type": "string"
    },
    "cognito_user_pool_id": {
      "value": "us-east-2_gtOllbdJE",
      "type": "string"
    },
    "rest_api_url": {
      "value": "https://kxpvm28lsh.execute-api.us-east-2.amazonaws.com/prod/movies",
      "type": "string"
    }
  },
  "resources": [
    {
      "module": "module.api_gateway",
      "mode": "managed",
      "type": "aws_api_gateway_authorizer",
      "name": "api_authorizer",
      "provider": "provider[\"registry.terraform.io/hashicorp/aws\"]",
      "instances": [
        {
          "schema_version": 0,
          "attributes": {
            "authorizer_credentials": "",
            "authorizer_result_ttl_in_seconds": 300,
            "authorizer_uri": "",
            "id": "innnli",
            "identity_source": "method.request.header.Authorization",
            "identity_validation_expression": "",
            "name": "CognitoUserPoolAuthorizer",
            "provider_arns": [
              "arn:aws:cognito-idp:us-east-2:560765798072:userpool/us-east-2_gtOllbdJE"
            ],
            "rest_api_id": "kxpvm28lsh",
            "type": "COGNITO_USER_POOLS"
          },
          "sensitive_attributes": [],
          "private": "bnVsbA==",
          "dependencies": [
            "module.api_gateway.aws_api_gateway_rest_api.rest_api",
            "module.cognito.aws_cognito_user_pool.user_pool",
            "module.lambda_function.aws_cloudwatch_log_group.lambda_log_group",
            "module.lambda_function.aws_iam_role.lambda_execution_role",
            "module.lambda_function.aws_iam_role_policy_attachment.lambda_policy",
            "module.lambda_function.aws_lambda_function.lambda_function",
            "module.lambda_function.aws_s3_bucket.lambda_bucket",
            "module.lambda_function.aws_s3_bucket_acl.lambda_bucket_acl",
            "module.lambda_function.aws_s3_bucket_ownership_controls.lambda_bucket",
            "module.lambda_function.aws_s3_object.lambda_code",
            "module.lambda_function.data.archive_file.lambda_code"
          ]
        }
      ]
    },
    {
      "module": "module.api_gateway",
      "mode": "managed",
      "type": "aws_api_gateway_deployment",
      "name": "rest_api_deployment",
      "provider": "provider[\"registry.terraform.io/hashicorp/aws\"]",
      "instances": [
        {
          "schema_version": 0,
          "attributes": {
            "created_date": "2023-07-16T12:42:46Z",
            "description": "",
            "execution_arn": "arn:aws:execute-api:us-east-2:560765798072:kxpvm28lsh/",
            "id": "zv3cdo",
            "invoke_url": "https://kxpvm28lsh.execute-api.us-east-2.amazonaws.com/",
            "rest_api_id": "kxpvm28lsh",
            "stage_description": null,
            "stage_name": null,
            "triggers": {
              "redeployment": "14128880e050ce10bee8d0c5ff79f0d82f0f4b1f"
            },
            "variables": null
          },
          "sensitive_attributes": [],
          "private": "bnVsbA==",
          "dependencies": [
            "module.api_gateway.aws_api_gateway_authorizer.api_authorizer",
            "module.api_gateway.aws_api_gateway_integration.rest_api_get_method_integration",
            "module.api_gateway.aws_api_gateway_method.rest_api_get_method",
            "module.api_gateway.aws_api_gateway_resource.rest_api_resource",
            "module.api_gateway.aws_api_gateway_rest_api.rest_api",
            "module.cognito.aws_cognito_user_pool.user_pool",
            "module.lambda_function.aws_cloudwatch_log_group.lambda_log_group",
            "module.lambda_function.aws_iam_role.lambda_execution_role",
            "module.lambda_function.aws_iam_role_policy_attachment.lambda_policy",
            "module.lambda_function.aws_lambda_function.lambda_function",
            "module.lambda_function.aws_s3_bucket.lambda_bucket",
            "module.lambda_function.aws_s3_bucket_acl.lambda_bucket_acl",
            "module.lambda_function.aws_s3_bucket_ownership_controls.lambda_bucket",
            "module.lambda_function.aws_s3_object.lambda_code",
            "module.lambda_function.data.archive_file.lambda_code"
          ]
        }
      ]
    },
    {
      "module": "module.api_gateway",
      "mode": "managed",
      "type": "aws_api_gateway_integration",
      "name": "cors_integration",
      "provider": "provider[\"registry.terraform.io/hashicorp/aws\"]",
      "instances": [
        {
          "schema_version": 0,
          "attributes": {
            "cache_key_parameters": null,
            "cache_namespace": "pxyovu",
            "connection_id": "",
            "connection_type": "INTERNET",
            "content_handling": "",
            "credentials": "",
            "http_method": "OPTIONS",
            "id": "agi-kxpvm28lsh-pxyovu-OPTIONS",
            "integration_http_method": "",
            "passthrough_behavior": "WHEN_NO_MATCH",
            "request_parameters": null,
            "request_templates": {
              "application/json": "{\"statusCode\":200}"
            },
            "resource_id": "pxyovu",
            "rest_api_id": "kxpvm28lsh",
            "timeout_milliseconds": 29000,
            "tls_config": [],
            "type": "MOCK",
            "uri": ""
          },
          "sensitive_attributes": [],
          "private": "bnVsbA==",
          "dependencies": [
            "module.api_gateway.aws_api_gateway_method.cors_method",
            "module.api_gateway.aws_api_gateway_resource.cors_resource",
            "module.api_gateway.aws_api_gateway_rest_api.rest_api",
            "module.lambda_function.aws_cloudwatch_log_group.lambda_log_group",
            "module.lambda_function.aws_iam_role.lambda_execution_role",
            "module.lambda_function.aws_iam_role_policy_attachment.lambda_policy",
            "module.lambda_function.aws_lambda_function.lambda_function",
            "module.lambda_function.aws_s3_bucket.lambda_bucket",
            "module.lambda_function.aws_s3_bucket_acl.lambda_bucket_acl",
            "module.lambda_function.aws_s3_bucket_ownership_controls.lambda_bucket",
            "module.lambda_function.aws_s3_object.lambda_code",
            "module.lambda_function.data.archive_file.lambda_code"
          ]
        }
      ]
    },
    {
      "module": "module.api_gateway",
      "mode": "managed",
      "type": "aws_api_gateway_integration",
      "name": "rest_api_get_method_integration",
      "provider": "provider[\"registry.terraform.io/hashicorp/aws\"]",
      "instances": [
        {
          "schema_version": 0,
          "attributes": {
            "cache_key_parameters": null,
            "cache_namespace": "pfiyz3",
            "connection_id": "",
            "connection_type": "INTERNET",
            "content_handling": "",
            "credentials": "",
            "http_method": "GET",
            "id": "agi-kxpvm28lsh-pfiyz3-GET",
            "integration_http_method": "POST",
            "passthrough_behavior": "WHEN_NO_MATCH",
            "request_parameters": null,
            "request_templates": null,
            "resource_id": "pfiyz3",
            "rest_api_id": "kxpvm28lsh",
            "timeout_milliseconds": 29000,
            "tls_config": [],
            "type": "AWS_PROXY",
            "uri": "arn:aws:apigateway:us-east-2:lambda:path/2015-03-31/functions/arn:aws:lambda:us-east-2:560765798072:function:MovieLambda/invocations"
          },
          "sensitive_attributes": [],
          "private": "bnVsbA==",
          "dependencies": [
            "module.api_gateway.aws_api_gateway_authorizer.api_authorizer",
            "module.api_gateway.aws_api_gateway_method.rest_api_get_method",
            "module.api_gateway.aws_api_gateway_resource.rest_api_resource",
            "module.api_gateway.aws_api_gateway_rest_api.rest_api",
            "module.cognito.aws_cognito_user_pool.user_pool",
            "module.lambda_function.aws_cloudwatch_log_group.lambda_log_group",
            "module.lambda_function.aws_iam_role.lambda_execution_role",
            "module.lambda_function.aws_iam_role_policy_attachment.lambda_policy",
            "module.lambda_function.aws_lambda_function.lambda_function",
            "module.lambda_function.aws_s3_bucket.lambda_bucket",
            "module.lambda_function.aws_s3_bucket_acl.lambda_bucket_acl",
            "module.lambda_function.aws_s3_bucket_ownership_controls.lambda_bucket",
            "module.lambda_function.aws_s3_object.lambda_code",
            "module.lambda_function.data.archive_file.lambda_code"
          ]
        }
      ]
    },
    {
      "module": "module.api_gateway",
      "mode": "managed",
      "type": "aws_api_gateway_integration_response",
      "name": "cors_integration_response",
      "provider": "provider[\"registry.terraform.io/hashicorp/aws\"]",
      "instances": [
        {
          "schema_version": 0,
          "attributes": {
            "content_handling": "",
            "http_method": "OPTIONS",
            "id": "agir-kxpvm28lsh-pxyovu-OPTIONS-200",
            "resource_id": "pxyovu",
            "response_parameters": {
              "method.response.header.Access-Control-Allow-Headers": "'Content-Type'",
              "method.response.header.Access-Control-Allow-Methods": "'GET, OPTIONS'",
              "method.response.header.Access-Control-Allow-Origin": "'*'"
            },
            "response_templates": null,
            "rest_api_id": "kxpvm28lsh",
            "selection_pattern": "",
            "status_code": "200"
          },
          "sensitive_attributes": [],
          "private": "bnVsbA==",
          "dependencies": [
            "module.api_gateway.aws_api_gateway_integration.cors_integration",
            "module.api_gateway.aws_api_gateway_method.cors_method",
            "module.api_gateway.aws_api_gateway_method_response.cors_response",
            "module.api_gateway.aws_api_gateway_resource.cors_resource",
            "module.api_gateway.aws_api_gateway_rest_api.rest_api",
            "module.lambda_function.aws_cloudwatch_log_group.lambda_log_group",
            "module.lambda_function.aws_iam_role.lambda_execution_role",
            "module.lambda_function.aws_iam_role_policy_attachment.lambda_policy",
            "module.lambda_function.aws_lambda_function.lambda_function",
            "module.lambda_function.aws_s3_bucket.lambda_bucket",
            "module.lambda_function.aws_s3_bucket_acl.lambda_bucket_acl",
            "module.lambda_function.aws_s3_bucket_ownership_controls.lambda_bucket",
            "module.lambda_function.aws_s3_object.lambda_code",
            "module.lambda_function.data.archive_file.lambda_code"
          ]
        }
      ]
    },
    {
      "module": "module.api_gateway",
      "mode": "managed",
      "type": "aws_api_gateway_method",
      "name": "cors_method",
      "provider": "provider[\"registry.terraform.io/hashicorp/aws\"]",
      "instances": [
        {
          "schema_version": 0,
          "attributes": {
            "api_key_required": false,
            "authorization": "NONE",
            "authorization_scopes": null,
            "authorizer_id": null,
            "http_method": "OPTIONS",
            "id": "agm-kxpvm28lsh-pxyovu-OPTIONS",
            "operation_name": null,
            "request_models": null,
            "request_parameters": null,
            "request_validator_id": null,
            "resource_id": "pxyovu",
            "rest_api_id": "kxpvm28lsh"
          },
          "sensitive_attributes": [],
          "private": "bnVsbA==",
          "dependencies": [
            "module.api_gateway.aws_api_gateway_resource.cors_resource",
            "module.api_gateway.aws_api_gateway_rest_api.rest_api",
            "module.lambda_function.aws_cloudwatch_log_group.lambda_log_group",
            "module.lambda_function.aws_iam_role.lambda_execution_role",
            "module.lambda_function.aws_iam_role_policy_attachment.lambda_policy",
            "module.lambda_function.aws_lambda_function.lambda_function",
            "module.lambda_function.aws_s3_bucket.lambda_bucket",
            "module.lambda_function.aws_s3_bucket_acl.lambda_bucket_acl",
            "module.lambda_function.aws_s3_bucket_ownership_controls.lambda_bucket",
            "module.lambda_function.aws_s3_object.lambda_code",
            "module.lambda_function.data.archive_file.lambda_code"
          ]
        }
      ]
    },
    {
      "module": "module.api_gateway",
      "mode": "managed",
      "type": "aws_api_gateway_method",
      "name": "rest_api_get_method",
      "provider": "provider[\"registry.terraform.io/hashicorp/aws\"]",
      "instances": [
        {
          "schema_version": 0,
          "attributes": {
            "api_key_required": false,
            "authorization": "COGNITO_USER_POOLS",
            "authorization_scopes": null,
            "authorizer_id": "innnli",
            "http_method": "GET",
            "id": "agm-kxpvm28lsh-pfiyz3-GET",
            "operation_name": null,
            "request_models": null,
            "request_parameters": {
              "method.request.path.proxy": true
            },
            "request_validator_id": null,
            "resource_id": "pfiyz3",
            "rest_api_id": "kxpvm28lsh"
          },
          "sensitive_attributes": [],
          "private": "bnVsbA==",
          "dependencies": [
            "module.api_gateway.aws_api_gateway_authorizer.api_authorizer",
            "module.api_gateway.aws_api_gateway_resource.rest_api_resource",
            "module.api_gateway.aws_api_gateway_rest_api.rest_api",
            "module.cognito.aws_cognito_user_pool.user_pool",
            "module.lambda_function.aws_cloudwatch_log_group.lambda_log_group",
            "module.lambda_function.aws_iam_role.lambda_execution_role",
            "module.lambda_function.aws_iam_role_policy_attachment.lambda_policy",
            "module.lambda_function.aws_lambda_function.lambda_function",
            "module.lambda_function.aws_s3_bucket.lambda_bucket",
            "module.lambda_function.aws_s3_bucket_acl.lambda_bucket_acl",
            "module.lambda_function.aws_s3_bucket_ownership_controls.lambda_bucket",
            "module.lambda_function.aws_s3_object.lambda_code",
            "module.lambda_function.data.archive_file.lambda_code"
          ]
        }
      ]
    },
    {
      "module": "module.api_gateway",
      "mode": "managed",
      "type": "aws_api_gateway_method_response",
      "name": "cors_response",
      "provider": "provider[\"registry.terraform.io/hashicorp/aws\"]",
      "instances": [
        {
          "schema_version": 0,
          "attributes": {
            "http_method": "OPTIONS",
            "id": "agmr-kxpvm28lsh-pxyovu-OPTIONS-200",
            "resource_id": "pxyovu",
            "response_models": {
              "application/json": "Empty"
            },
            "response_parameters": {
              "method.response.header.Access-Control-Allow-Headers": true,
              "method.response.header.Access-Control-Allow-Methods": true,
              "method.response.header.Access-Control-Allow-Origin": true
            },
            "rest_api_id": "kxpvm28lsh",
            "status_code": "200"
          },
          "sensitive_attributes": [],
          "private": "bnVsbA==",
          "dependencies": [
            "module.api_gateway.aws_api_gateway_method.cors_method",
            "module.api_gateway.aws_api_gateway_resource.cors_resource",
            "module.api_gateway.aws_api_gateway_rest_api.rest_api",
            "module.lambda_function.aws_cloudwatch_log_group.lambda_log_group",
            "module.lambda_function.aws_iam_role.lambda_execution_role",
            "module.lambda_function.aws_iam_role_policy_attachment.lambda_policy",
            "module.lambda_function.aws_lambda_function.lambda_function",
            "module.lambda_function.aws_s3_bucket.lambda_bucket",
            "module.lambda_function.aws_s3_bucket_acl.lambda_bucket_acl",
            "module.lambda_function.aws_s3_bucket_ownership_controls.lambda_bucket",
            "module.lambda_function.aws_s3_object.lambda_code",
            "module.lambda_function.data.archive_file.lambda_code"
          ]
        }
      ]
    },
    {
      "module": "module.api_gateway",
      "mode": "managed",
      "type": "aws_api_gateway_method_response",
      "name": "rest_api_get_method_response_200",
      "provider": "provider[\"registry.terraform.io/hashicorp/aws\"]",
      "instances": [
        {
          "schema_version": 0,
          "attributes": {
            "http_method": "GET",
            "id": "agmr-kxpvm28lsh-pfiyz3-GET-200",
            "resource_id": "pfiyz3",
            "response_models": null,
            "response_parameters": null,
            "rest_api_id": "kxpvm28lsh",
            "status_code": "200"
          },
          "sensitive_attributes": [],
          "private": "bnVsbA==",
          "dependencies": [
            "module.api_gateway.aws_api_gateway_authorizer.api_authorizer",
            "module.api_gateway.aws_api_gateway_method.rest_api_get_method",
            "module.api_gateway.aws_api_gateway_resource.rest_api_resource",
            "module.api_gateway.aws_api_gateway_rest_api.rest_api",
            "module.cognito.aws_cognito_user_pool.user_pool",
            "module.lambda_function.aws_cloudwatch_log_group.lambda_log_group",
            "module.lambda_function.aws_iam_role.lambda_execution_role",
            "module.lambda_function.aws_iam_role_policy_attachment.lambda_policy",
            "module.lambda_function.aws_lambda_function.lambda_function",
            "module.lambda_function.aws_s3_bucket.lambda_bucket",
            "module.lambda_function.aws_s3_bucket_acl.lambda_bucket_acl",
            "module.lambda_function.aws_s3_bucket_ownership_controls.lambda_bucket",
            "module.lambda_function.aws_s3_object.lambda_code",
            "module.lambda_function.data.archive_file.lambda_code"
          ]
        }
      ]
    },
    {
      "module": "module.api_gateway",
      "mode": "managed",
      "type": "aws_api_gateway_resource",
      "name": "cors_resource",
      "provider": "provider[\"registry.terraform.io/hashicorp/aws\"]",
      "instances": [
        {
          "schema_version": 0,
          "attributes": {
            "id": "pxyovu",
            "parent_id": "tbgusgppkc",
            "path": "/{cors+}",
            "path_part": "{cors+}",
            "rest_api_id": "kxpvm28lsh"
          },
          "sensitive_attributes": [],
          "private": "bnVsbA==",
          "dependencies": [
            "module.api_gateway.aws_api_gateway_rest_api.rest_api",
            "module.lambda_function.aws_cloudwatch_log_group.lambda_log_group",
            "module.lambda_function.aws_iam_role.lambda_execution_role",
            "module.lambda_function.aws_iam_role_policy_attachment.lambda_policy",
            "module.lambda_function.aws_lambda_function.lambda_function",
            "module.lambda_function.aws_s3_bucket.lambda_bucket",
            "module.lambda_function.aws_s3_bucket_acl.lambda_bucket_acl",
            "module.lambda_function.aws_s3_bucket_ownership_controls.lambda_bucket",
            "module.lambda_function.aws_s3_object.lambda_code",
            "module.lambda_function.data.archive_file.lambda_code"
          ]
        }
      ]
    },
    {
      "module": "module.api_gateway",
      "mode": "managed",
      "type": "aws_api_gateway_resource",
      "name": "rest_api_resource",
      "provider": "provider[\"registry.terraform.io/hashicorp/aws\"]",
      "instances": [
        {
          "schema_version": 0,
          "attributes": {
            "id": "pfiyz3",
            "parent_id": "tbgusgppkc",
            "path": "/movies",
            "path_part": "movies",
            "rest_api_id": "kxpvm28lsh"
          },
          "sensitive_attributes": [],
          "private": "bnVsbA==",
          "dependencies": [
            "module.api_gateway.aws_api_gateway_rest_api.rest_api",
            "module.lambda_function.aws_cloudwatch_log_group.lambda_log_group",
            "module.lambda_function.aws_iam_role.lambda_execution_role",
            "module.lambda_function.aws_iam_role_policy_attachment.lambda_policy",
            "module.lambda_function.aws_lambda_function.lambda_function",
            "module.lambda_function.aws_s3_bucket.lambda_bucket",
            "module.lambda_function.aws_s3_bucket_acl.lambda_bucket_acl",
            "module.lambda_function.aws_s3_bucket_ownership_controls.lambda_bucket",
            "module.lambda_function.aws_s3_object.lambda_code",
            "module.lambda_function.data.archive_file.lambda_code"
          ]
        }
      ]
    },
    {
      "module": "module.api_gateway",
      "mode": "managed",
      "type": "aws_api_gateway_rest_api",
      "name": "rest_api",
      "provider": "provider[\"registry.terraform.io/hashicorp/aws\"]",
      "instances": [
        {
          "schema_version": 0,
          "attributes": {
            "api_key_source": "HEADER",
            "arn": "arn:aws:apigateway:us-east-2::/restapis/kxpvm28lsh",
            "binary_media_types": [],
            "body": null,
            "created_date": "2023-07-16T12:42:42Z",
            "description": "",
            "disable_execute_api_endpoint": false,
            "endpoint_configuration": [
              {
                "types": [
                  "EDGE"
                ],
                "vpc_endpoint_ids": []
              }
            ],
            "execution_arn": "arn:aws:execute-api:us-east-2:560765798072:kxpvm28lsh",
            "id": "kxpvm28lsh",
            "minimum_compression_size": -1,
            "name": "terraform-api-gateway-example",
            "parameters": null,
            "policy": "",
            "root_resource_id": "tbgusgppkc",
            "tags": null,
            "tags_all": {}
          },
          "sensitive_attributes": [],
          "private": "bnVsbA==",
          "dependencies": [
            "module.lambda_function.aws_cloudwatch_log_group.lambda_log_group",
            "module.lambda_function.aws_iam_role.lambda_execution_role",
            "module.lambda_function.aws_iam_role_policy_attachment.lambda_policy",
            "module.lambda_function.aws_lambda_function.lambda_function",
            "module.lambda_function.aws_s3_bucket.lambda_bucket",
            "module.lambda_function.aws_s3_bucket_acl.lambda_bucket_acl",
            "module.lambda_function.aws_s3_bucket_ownership_controls.lambda_bucket",
            "module.lambda_function.aws_s3_object.lambda_code",
            "module.lambda_function.data.archive_file.lambda_code"
          ]
        }
      ]
    },
    {
      "module": "module.api_gateway",
      "mode": "managed",
      "type": "aws_api_gateway_stage",
      "name": "rest_api_stage",
      "provider": "provider[\"registry.terraform.io/hashicorp/aws\"]",
      "instances": [
        {
          "schema_version": 0,
          "attributes": {
            "access_log_settings": [],
            "arn": "arn:aws:apigateway:us-east-2::/restapis/kxpvm28lsh/stages/prod",
            "cache_cluster_enabled": false,
            "cache_cluster_size": "",
            "client_certificate_id": "",
            "deployment_id": "zv3cdo",
            "description": "",
            "documentation_version": "",
            "execution_arn": "arn:aws:execute-api:us-east-2:560765798072:kxpvm28lsh/prod",
            "id": "ags-kxpvm28lsh-prod",
            "invoke_url": "https://kxpvm28lsh.execute-api.us-east-2.amazonaws.com/prod",
            "rest_api_id": "kxpvm28lsh",
            "stage_name": "prod",
            "tags": null,
            "tags_all": {},
            "variables": null,
            "web_acl_arn": "",
            "xray_tracing_enabled": false
          },
          "sensitive_attributes": [],
          "private": "bnVsbA==",
          "dependencies": [
            "module.api_gateway.aws_api_gateway_authorizer.api_authorizer",
            "module.api_gateway.aws_api_gateway_deployment.rest_api_deployment",
            "module.api_gateway.aws_api_gateway_integration.rest_api_get_method_integration",
            "module.api_gateway.aws_api_gateway_method.rest_api_get_method",
            "module.api_gateway.aws_api_gateway_resource.rest_api_resource",
            "module.api_gateway.aws_api_gateway_rest_api.rest_api",
            "module.cognito.aws_cognito_user_pool.user_pool",
            "module.lambda_function.aws_cloudwatch_log_group.lambda_log_group",
            "module.lambda_function.aws_iam_role.lambda_execution_role",
            "module.lambda_function.aws_iam_role_policy_attachment.lambda_policy",
            "module.lambda_function.aws_lambda_function.lambda_function",
            "module.lambda_function.aws_s3_bucket.lambda_bucket",
            "module.lambda_function.aws_s3_bucket_acl.lambda_bucket_acl",
            "module.lambda_function.aws_s3_bucket_ownership_controls.lambda_bucket",
            "module.lambda_function.aws_s3_object.lambda_code",
            "module.lambda_function.data.archive_file.lambda_code"
          ]
        }
      ]
    },
    {
      "module": "module.api_gateway",
      "mode": "managed",
      "type": "aws_lambda_permission",
      "name": "api_gateway_lambda",
      "provider": "provider[\"registry.terraform.io/hashicorp/aws\"]",
      "instances": [
        {
          "schema_version": 0,
          "attributes": {
            "action": "lambda:InvokeFunction",
            "event_source_token": null,
            "function_name": "MovieLambda",
            "id": "AllowExecutionFromAPIGateway",
            "principal": "apigateway.amazonaws.com",
            "qualifier": "",
            "source_account": null,
            "source_arn": "arn:aws:execute-api:us-east-2:560765798072:kxpvm28lsh/*/GET/movies",
            "statement_id": "AllowExecutionFromAPIGateway",
            "statement_id_prefix": null
          },
          "sensitive_attributes": [],
          "private": "bnVsbA==",
          "dependencies": [
            "module.api_gateway.aws_api_gateway_authorizer.api_authorizer",
            "module.api_gateway.aws_api_gateway_method.rest_api_get_method",
            "module.api_gateway.aws_api_gateway_resource.rest_api_resource",
            "module.api_gateway.aws_api_gateway_rest_api.rest_api",
            "module.cognito.aws_cognito_user_pool.user_pool",
            "module.lambda_function.aws_cloudwatch_log_group.lambda_log_group",
            "module.lambda_function.aws_iam_role.lambda_execution_role",
            "module.lambda_function.aws_iam_role_policy_attachment.lambda_policy",
            "module.lambda_function.aws_lambda_function.lambda_function",
            "module.lambda_function.aws_s3_bucket.lambda_bucket",
            "module.lambda_function.aws_s3_bucket_acl.lambda_bucket_acl",
            "module.lambda_function.aws_s3_bucket_ownership_controls.lambda_bucket",
            "module.lambda_function.aws_s3_object.lambda_code",
            "module.lambda_function.data.archive_file.lambda_code"
          ]
        }
      ]
    },
    {
      "module": "module.cognito",
      "mode": "managed",
      "type": "aws_cognito_user_pool",
      "name": "user_pool",
      "provider": "provider[\"registry.terraform.io/hashicorp/aws\"]",
      "instances": [
        {
          "schema_version": 0,
          "attributes": {
            "account_recovery_setting": [
              {
                "recovery_mechanism": [
                  {
                    "name": "verified_email",
                    "priority": 1
                  },
                  {
                    "name": "verified_phone_number",
                    "priority": 2
                  }
                ]
              }
            ],
            "admin_create_user_config": [
              {
                "allow_admin_create_user_only": false,
                "invite_message_template": []
              }
            ],
            "alias_attributes": null,
            "arn": "arn:aws:cognito-idp:us-east-2:560765798072:userpool/us-east-2_gtOllbdJE",
            "auto_verified_attributes": null,
            "creation_date": "2023-07-16T12:42:19Z",
            "custom_domain": "",
            "device_configuration": [],
            "domain": "",
            "email_configuration": [
              {
                "configuration_set": "",
                "email_sending_account": "COGNITO_DEFAULT",
                "from_email_address": "",
                "reply_to_email_address": "",
                "source_arn": ""
              }
            ],
            "email_verification_message": null,
            "email_verification_subject": null,
            "endpoint": "cognito-idp.us-east-2.amazonaws.com/us-east-2_gtOllbdJE",
            "estimated_number_of_users": 0,
            "id": "us-east-2_gtOllbdJE",
            "lambda_config": [],
            "last_modified_date": "2023-07-16T12:42:19Z",
            "mfa_configuration": "OFF",
            "name": "terraform-api-gateway-demo-pool",
            "password_policy": [
              {
                "minimum_length": 8,
                "require_lowercase": true,
                "require_numbers": true,
                "require_symbols": true,
                "require_uppercase": true,
                "temporary_password_validity_days": 7
              }
            ],
            "schema": [],
            "sms_authentication_message": null,
            "sms_configuration": [],
            "sms_verification_message": null,
            "software_token_mfa_configuration": [],
            "tags": null,
            "tags_all": {},
            "user_pool_add_ons": [],
            "username_attributes": null,
            "username_configuration": [
              {
                "case_sensitive": false
              }
            ],
            "verification_message_template": [
              {
                "default_email_option": "CONFIRM_WITH_CODE",
                "email_message": "",
                "email_message_by_link": "",
                "email_subject": "",
                "email_subject_by_link": "",
                "sms_message": ""
              }
            ]
          },
          "sensitive_attributes": [],
          "private": "bnVsbA=="
        }
      ]
    },
    {
      "module": "module.cognito",
      "mode": "managed",
      "type": "aws_cognito_user_pool_client",
      "name": "user_pool_client",
      "provider": "provider[\"registry.terraform.io/hashicorp/aws\"]",
      "instances": [
        {
          "schema_version": 0,
          "attributes": {
            "access_token_validity": 0,
            "allowed_oauth_flows": null,
            "allowed_oauth_flows_user_pool_client": false,
            "allowed_oauth_scopes": null,
            "analytics_configuration": [],
            "callback_urls": [],
            "client_secret": "",
            "default_redirect_uri": "",
            "enable_token_revocation": true,
            "explicit_auth_flows": [
              "ALLOW_REFRESH_TOKEN_AUTH",
              "ALLOW_USER_PASSWORD_AUTH"
            ],
            "generate_secret": null,
            "id": "5t3ejll2p53e7d0j433dcf3qkn",
            "id_token_validity": 0,
            "logout_urls": [],
            "name": "terraform-api-gateway-demo-client",
            "prevent_user_existence_errors": "",
            "read_attributes": null,
            "refresh_token_validity": 30,
            "supported_identity_providers": null,
            "token_validity_units": [],
            "user_pool_id": "us-east-2_gtOllbdJE",
            "write_attributes": null
          },
          "sensitive_attributes": [],
          "private": "bnVsbA==",
          "dependencies": [
            "module.cognito.aws_cognito_user_pool.user_pool"
          ]
        }
      ]
    },
    {
      "module": "module.lambda_function",
      "mode": "data",
      "type": "archive_file",
      "name": "lambda_code",
      "provider": "provider[\"registry.terraform.io/hashicorp/archive\"]",
      "instances": [
        {
          "schema_version": 0,
          "attributes": {
            "excludes": null,
            "id": "c6f986bbac561c78d926e585f4600aa849a33f51",
            "output_base64sha256": "DM330cBDpPN/zk7IhSVMNtA+2rklfjb/Huqx41BWFNg=",
            "output_md5": "d5d6d1c6ea8fb0e7104f78ffcea556cb",
            "output_path": "modules/lambda_function/function_code.zip",
            "output_sha": "c6f986bbac561c78d926e585f4600aa849a33f51",
            "output_size": 504,
            "source": [],
            "source_content": null,
            "source_content_filename": null,
            "source_dir": "modules/lambda_function/function_code",
            "source_file": null,
            "type": "zip"
          },
          "sensitive_attributes": []
        }
      ]
    },
    {
      "module": "module.lambda_function",
      "mode": "managed",
      "type": "aws_cloudwatch_log_group",
      "name": "lambda_log_group",
      "provider": "provider[\"registry.terraform.io/hashicorp/aws\"]",
      "instances": [
        {
          "schema_version": 0,
          "attributes": {
            "arn": "arn:aws:logs:us-east-2:560765798072:log-group:/aws/lambda/MovieLambda",
            "id": "/aws/lambda/MovieLambda",
            "kms_key_id": "",
            "name": "/aws/lambda/MovieLambda",
            "name_prefix": null,
            "retention_in_days": 30,
            "tags": null,
            "tags_all": {}
          },
          "sensitive_attributes": [],
          "private": "bnVsbA==",
          "dependencies": [
            "module.lambda_function.aws_iam_role.lambda_execution_role",
            "module.lambda_function.aws_lambda_function.lambda_function",
            "module.lambda_function.aws_s3_bucket.lambda_bucket",
            "module.lambda_function.aws_s3_object.lambda_code",
            "module.lambda_function.data.archive_file.lambda_code"
          ]
        }
      ]
    },
    {
      "module": "module.lambda_function",
      "mode": "managed",
      "type": "aws_iam_role",
      "name": "lambda_execution_role",
      "provider": "provider[\"registry.terraform.io/hashicorp/aws\"]",
      "instances": [
        {
          "schema_version": 0,
          "attributes": {
            "arn": "arn:aws:iam::560765798072:role/lambda_execution_role_MovieLambda",
            "assume_role_policy": "{\"Version\":\"2012-10-17\",\"Statement\":[{\"Sid\":\"\",\"Effect\":\"Allow\",\"Principal\":{\"Service\":\"lambda.amazonaws.com\"},\"Action\":\"sts:AssumeRole\"}]}",
            "create_date": "2023-07-16T12:42:19Z",
            "description": "",
            "force_detach_policies": false,
            "id": "lambda_execution_role_MovieLambda",
            "inline_policy": [
              {
                "name": "",
                "policy": ""
              }
            ],
            "managed_policy_arns": [],
            "max_session_duration": 3600,
            "name": "lambda_execution_role_MovieLambda",
            "name_prefix": "",
            "path": "/",
            "permissions_boundary": null,
            "tags": null,
            "tags_all": {},
            "unique_id": "AROAYFEB7A24NM2G7IVRI"
          },
          "sensitive_attributes": [],
          "private": "bnVsbA=="
        }
      ]
    },
    {
      "module": "module.lambda_function",
      "mode": "managed",
      "type": "aws_iam_role_policy_attachment",
      "name": "lambda_policy",
      "provider": "provider[\"registry.terraform.io/hashicorp/aws\"]",
      "instances": [
        {
          "schema_version": 0,
          "attributes": {
            "id": "lambda_execution_role_MovieLambda-20230716124222193500000001",
            "policy_arn": "arn:aws:iam::aws:policy/service-role/AWSLambdaBasicExecutionRole",
            "role": "lambda_execution_role_MovieLambda"
          },
          "sensitive_attributes": [],
          "private": "bnVsbA==",
          "dependencies": [
            "module.lambda_function.aws_iam_role.lambda_execution_role"
          ]
        }
      ]
    },
    {
      "module": "module.lambda_function",
      "mode": "managed",
      "type": "aws_lambda_function",
      "name": "lambda_function",
      "provider": "provider[\"registry.terraform.io/hashicorp/aws\"]",
      "instances": [
        {
          "schema_version": 0,
          "attributes": {
            "architectures": [
              "x86_64"
            ],
            "arn": "arn:aws:lambda:us-east-2:560765798072:function:MovieLambda",
            "code_signing_config_arn": "",
            "dead_letter_config": [],
            "description": "",
            "environment": [],
            "file_system_config": [],
            "filename": null,
            "function_name": "MovieLambda",
            "handler": "index.handler",
            "id": "MovieLambda",
            "image_config": [],
            "image_uri": "",
            "invoke_arn": "arn:aws:apigateway:us-east-2:lambda:path/2015-03-31/functions/arn:aws:lambda:us-east-2:560765798072:function:MovieLambda/invocations",
            "kms_key_arn": "",
            "last_modified": "2023-07-16T12:42:31.535+0000",
            "layers": null,
            "memory_size": 128,
            "package_type": "Zip",
            "publish": false,
            "qualified_arn": "arn:aws:lambda:us-east-2:560765798072:function:MovieLambda:$LATEST",
            "reserved_concurrent_executions": -1,
            "role": "arn:aws:iam::560765798072:role/lambda_execution_role_MovieLambda",
            "runtime": "nodejs14.x",
            "s3_bucket": "s3testcommit",
            "s3_key": "function_code.zip",
            "s3_object_version": null,
            "signing_job_arn": "",
            "signing_profile_version_arn": "",
            "source_code_hash": "DM330cBDpPN/zk7IhSVMNtA+2rklfjb/Huqx41BWFNg=",
            "source_code_size": 504,
            "tags": null,
            "tags_all": {},
            "timeout": 3,
            "timeouts": null,
            "tracing_config": [
              {
                "mode": "PassThrough"
              }
            ],
            "version": "$LATEST",
            "vpc_config": []
          },
          "sensitive_attributes": [],
          "private": "eyJlMmJmYjczMC1lY2FhLTExZTYtOGY4OC0zNDM2M2JjN2M0YzAiOnsiY3JlYXRlIjo2MDAwMDAwMDAwMDB9fQ==",
          "dependencies": [
            "module.lambda_function.aws_iam_role.lambda_execution_role",
            "module.lambda_function.aws_s3_bucket.lambda_bucket",
            "module.lambda_function.aws_s3_object.lambda_code",
            "module.lambda_function.data.archive_file.lambda_code"
          ]
        }
      ]
    },
    {
      "module": "module.lambda_function",
      "mode": "managed",
      "type": "aws_s3_bucket",
      "name": "lambda_bucket",
      "provider": "provider[\"registry.terraform.io/hashicorp/aws\"]",
      "instances": [
        {
          "schema_version": 0,
          "attributes": {
            "acceleration_status": "",
            "acl": "private",
            "arn": "arn:aws:s3:::s3testcommit",
            "bucket": "s3testcommit",
            "bucket_domain_name": "s3testcommit.s3.amazonaws.com",
            "bucket_prefix": null,
            "bucket_regional_domain_name": "s3testcommit.s3.us-east-2.amazonaws.com",
            "cors_rule": [],
            "force_destroy": false,
            "grant": [],
            "hosted_zone_id": "Z2O1EMRO9K5GLX",
            "id": "s3testcommit",
            "lifecycle_rule": [],
            "logging": [],
            "object_lock_configuration": [],
            "policy": "",
            "region": "us-east-2",
            "replication_configuration": [],
            "request_payer": "BucketOwner",
            "server_side_encryption_configuration": [
              {
                "rule": [
                  {
                    "apply_server_side_encryption_by_default": [
                      {
                        "kms_master_key_id": "",
                        "sse_algorithm": "AES256"
                      }
                    ],
                    "bucket_key_enabled": false
                  }
                ]
              }
            ],
            "tags": null,
            "tags_all": {},
            "versioning": [
              {
                "enabled": false,
                "mfa_delete": false
              }
            ],
            "website": [],
            "website_domain": null,
            "website_endpoint": null
          },
          "sensitive_attributes": [],
          "private": "bnVsbA=="
        }
      ]
    },
    {
      "module": "module.lambda_function",
      "mode": "managed",
      "type": "aws_s3_bucket_acl",
      "name": "lambda_bucket_acl",
      "provider": "provider[\"registry.terraform.io/hashicorp/aws\"]",
      "instances": [
        {
          "schema_version": 0,
          "attributes": {
            "access_control_policy": [
              {
                "grant": [
                  {
                    "grantee": [
                      {
                        "display_name": "",
                        "email_address": "",
                        "id": "32ff335b4aeba272d8d345a9eb8c85417bbb2aab1915185db8b6581bc8b61bd5",
                        "type": "CanonicalUser",
                        "uri": ""
                      }
                    ],
                    "permission": "FULL_CONTROL"
                  }
                ],
                "owner": [
                  {
                    "display_name": "",
                    "id": "32ff335b4aeba272d8d345a9eb8c85417bbb2aab1915185db8b6581bc8b61bd5"
                  }
                ]
              }
            ],
            "acl": "private",
            "bucket": "s3testcommit",
            "expected_bucket_owner": "",
            "id": "s3testcommit,private"
          },
          "sensitive_attributes": [],
          "private": "bnVsbA==",
          "dependencies": [
            "module.lambda_function.aws_s3_bucket.lambda_bucket",
            "module.lambda_function.aws_s3_bucket_ownership_controls.lambda_bucket"
          ]
        }
      ]
    },
    {
      "module": "module.lambda_function",
      "mode": "managed",
      "type": "aws_s3_bucket_ownership_controls",
      "name": "lambda_bucket",
      "provider": "provider[\"registry.terraform.io/hashicorp/aws\"]",
      "instances": [
        {
          "schema_version": 0,
          "attributes": {
            "bucket": "s3testcommit",
            "id": "s3testcommit",
            "rule": [
              {
                "object_ownership": "BucketOwnerPreferred"
              }
            ]
          },
          "sensitive_attributes": [],
          "private": "bnVsbA==",
          "dependencies": [
            "module.lambda_function.aws_s3_bucket.lambda_bucket"
          ]
        }
      ]
    },
    {
      "module": "module.lambda_function",
      "mode": "managed",
      "type": "aws_s3_object",
      "name": "lambda_code",
      "provider": "provider[\"registry.terraform.io/hashicorp/aws\"]",
      "instances": [
        {
          "schema_version": 0,
          "attributes": {
            "acl": "private",
            "bucket": "s3testcommit",
            "bucket_key_enabled": false,
            "cache_control": "",
            "content": null,
            "content_base64": null,
            "content_disposition": "",
            "content_encoding": "",
            "content_language": "",
            "content_type": "binary/octet-stream",
            "etag": "d5d6d1c6ea8fb0e7104f78ffcea556cb",
            "force_destroy": false,
            "id": "function_code.zip",
            "key": "function_code.zip",
            "kms_key_id": null,
            "metadata": null,
            "object_lock_legal_hold_status": "",
            "object_lock_mode": "",
            "object_lock_retain_until_date": "",
            "server_side_encryption": "AES256",
            "source": "modules/lambda_function/function_code.zip",
            "source_hash": null,
            "storage_class": "STANDARD",
            "tags": null,
            "tags_all": {},
            "version_id": "",
            "website_redirect": ""
          },
          "sensitive_attributes": [],
          "private": "bnVsbA==",
          "dependencies": [
            "module.lambda_function.aws_s3_bucket.lambda_bucket",
            "module.lambda_function.data.archive_file.lambda_code"
          ]
        }
      ]
    }
  ],
  "check_results": null
}
